
Microsoft Visual Studio Solution File, Format Version 12.00
# Visual Studio Version 16
VisualStudioVersion = 16.0.30114.105
MinimumVisualStudioVersion = 10.0.40219.1
Project("{F2A71F9B-5D33-465A-A702-920D77279786}") = "Api.Web", "Api.Web\Api.Web.fsproj", "{48310DBC-EC0B-44CE-ACF5-82B3D3108CB5}"
EndProject
Project("{F2A71F9B-5D33-465A-A702-920D77279786}") = "Api.Domain", "Api.Domain\Api.Domain.fsproj", "{F13C9D71-9D65-4B45-85C0-85F828DA0FC1}"
EndProject
Global
	GlobalSection(SolutionConfigurationPlatforms) = preSolution
		Debug|Any CPU = Debug|Any CPU
		Debug|x64 = Debug|x64
		Debug|x86 = Debug|x86
		Release|Any CPU = Release|Any CPU
		Release|x64 = Release|x64
		Release|x86 = Release|x86
	EndGlobalSection
	GlobalSection(SolutionProperties) = preSolution
		HideSolutionNode = FALSE
	EndGlobalSection
	GlobalSection(ProjectConfigurationPlatforms) = postSolution
		{48310DBC-EC0B-44CE-ACF5-82B3D3108CB5}.Debug|Any CPU.ActiveCfg = Debug|Any CPU
		{48310DBC-EC0B-44CE-ACF5-82B3D3108CB5}.Debug|Any CPU.Build.0 = Debug|Any CPU
		{48310DBC-EC0B-44CE-ACF5-82B3D3108CB5}.Debug|x64.ActiveCfg = Debug|Any CPU
		{48310DBC-EC0B-44CE-ACF5-82B3D3108CB5}.Debug|x64.Build.0 = Debug|Any CPU
		{48310DBC-EC0B-44CE-ACF5-82B3D3108CB5}.Debug|x86.ActiveCfg = Debug|Any CPU
		{48310DBC-EC0B-44CE-ACF5-82B3D3108CB5}.Debug|x86.Build.0 = Debug|Any CPU
		{48310DBC-EC0B-44CE-ACF5-82B3D3108CB5}.Release|Any CPU.ActiveCfg = Release|Any CPU
		{48310DBC-EC0B-44CE-ACF5-82B3D3108CB5}.Release|Any CPU.Build.0 = Release|Any CPU
		{48310DBC-EC0B-44CE-ACF5-82B3D3108CB5}.Release|x64.ActiveCfg = Release|Any CPU
		{48310DBC-EC0B-44CE-ACF5-82B3D3108CB5}.Release|x64.Build.0 = Release|Any CPU
		{48310DBC-EC0B-44CE-ACF5-82B3D3108CB5}.Release|x86.ActiveCfg = Release|Any CPU
		{48310DBC-EC0B-44CE-ACF5-82B3D3108CB5}.Release|x86.Build.0 = Release|Any CPU
		{F13C9D71-9D65-4B45-85C0-85F828DA0FC1}.Debug|Any CPU.ActiveCfg = Debug|Any CPU
		{F13C9D71-9D65-4B45-85C0-85F828DA0FC1}.Debug|Any CPU.Build.0 = Debug|Any CPU
		{F13C9D71-9D65-4B45-85C0-85F828DA0FC1}.Debug|x64.ActiveCfg = Debug|Any CPU
		{F13C9D71-9D65-4B45-85C0-85F828DA0FC1}.Debug|x64.Build.0 = Debug|Any CPU
		{F13C9D71-9D65-4B45-85C0-85F828DA0FC1}.Debug|x86.ActiveCfg = Debug|Any CPU
		{F13C9D71-9D65-4B45-85C0-85F828DA0FC1}.Debug|x86.Build.0 = Debug|Any CPU
		{F13C9D71-9D65-4B45-85C0-85F828DA0FC1}.Release|Any CPU.ActiveCfg = Release|Any CPU
		{F13C9D71-9D65-4B45-85C0-85F828DA0FC1}.Release|Any CPU.Build.0 = Release|Any CPU
		{F13C9D71-9D65-4B45-85C0-85F828DA0FC1}.Release|x64.ActiveCfg = Release|Any CPU
		{F13C9D71-9D65-4B45-85C0-85F828DA0FC1}.Release|x64.Build.0 = Release|Any CPU
		{F13C9D71-9D65-4B45-85C0-85F828DA0FC1}.Release|x86.ActiveCfg = Release|Any CPU
		{F13C9D71-9D65-4B45-85C0-85F828DA0FC1}.Release|x86.Build.0 = Release|Any CPU
	EndGlobalSection
EndGlobal
